{
  "nodes": {
    "colmena": {
      "inputs": {
        "flake-compat": "flake-compat",
        "flake-utils": "flake-utils",
        "nix-github-actions": "nix-github-actions",
        "nixpkgs": "nixpkgs",
        "stable": "stable"
      },
      "locked": {
        "lastModified": 1781446832,
        "narHash": "sha256-/6+NHQstxRqkbNjtNcQgCojzu59SEbdwwpWqBw7Fm9s=",
        "owner": "zhaofengli",
        "repo": "colmena",
        "rev": "938cb5cdd9b25d9774b6168e5f03d0afd04d321f",
        "type": "github"
      },
      "original": {
        "owner": "zhaofengli",
        "repo": "colmena",
        "type": "github"
      }
    },
    "flake-compat": {
      "flake": false,
      "locked": {
        "lastModified": 1650374568,
        "narHash": "sha256-Z+s0J8/r907g149rllvwhb4pKi8Wam5ij0st8PwAh+E=",
        "owner": "edolstra",
        "repo": "flake-compat",
        "rev": "b4a34015c698c7793d592d66adbab377907a2be8",
        "type": "github"
      },
      "original": {
        "owner": "edolstra",
        "repo": "flake-compat",
        "type": "github"
      }
    },
    "flake-parts": {
      "inputs": {
        "nixpkgs-lib": "nixpkgs-lib"
      },
      "locked": {
        "lastModified": 1778716662,
        "narHash": "sha256-m1Yf0wZ8j1OHjTc2UwHwyQRSnNeSgLJOd7q5Y45hzi4=",
        "owner": "hercules-ci",
        "repo": "flake-parts",
        "rev": "f7c1a2d347e4c52d5fb8d10cb4d94b5884e546fb",
        "type": "github"
      },
      "original": {
        "owner": "hercules-ci",
        "repo": "flake-parts",
        "type": "github"
      }
    },
    "flake-utils": {
      "locked": {
        "lastModified": 1659877975,
        "narHash": "sha256-zllb8aq3YO3h8B/U0/J1WBgAL8EX5yWf5pMj3G0NAmc=",
        "owner": "numtide",
        "repo": "flake-utils",
        "rev": "c0e246b9b83f637f4681389ecabcb2681b4f3af0",
        "type": "github"
      },
      "original": {
        "owner": "numtide",
        "repo": "flake-utils",
        "type": "github"
      }
    },
    "import-tree": {
      "locked": {
        "lastModified": 1778781969,
        "narHash": "sha256-Jjuz5CmSkur8KvLDoGa+vylEp+RkQtv4mt/qcMznpH0=",
        "owner": "vic",
        "repo": "import-tree",
        "rev": "d321337efd0f23a9eb14a42adb7b2c29313ab274",
        "type": "github"
      },
      "original": {
        "owner": "vic",
        "repo": "import-tree",
        "type": "github"
      }
    },
    "nix-github-actions": {
      "inputs": {
        "nixpkgs": [
          "colmena",
          "nixpkgs"
        ]
      },
      "locked": {
        "lastModified": 1729742964,
        "narHash": "sha256-B4mzTcQ0FZHdpeWcpDYPERtyjJd/NIuaQ9+BV1h+MpA=",
        "owner": "nix-community",
        "repo": "nix-github-actions",
        "rev": "e04df33f62cdcf93d73e9a04142464753a16db67",
        "type": "github"
      },
      "original": {
        "owner": "nix-community",
        "repo": "nix-github-actions",
        "type": "github"
      }
    },
    "nixpkgs": {
      "locked": {
        "lastModified": 1750134718,
        "narHash": "sha256-v263g4GbxXv87hMXMCpjkIxd/viIF7p3JpJrwgKdNiI=",
        "owner": "NixOS",
        "repo": "nixpkgs",
        "rev": "9e83b64f727c88a7711a2c463a7b16eedb69a84c",
        "type": "github"
      },
      "original": {
        "owner": "NixOS",
        "ref": "nixos-unstable",
        "repo": "nixpkgs",
        "type": "github"
      }
    },
    "nixpkgs-lib": {
      "locked": {
        "lastModified": 1777168982,
        "narHash": "sha256-GOkGPcboWE9BmGCRMLX3worL4EMnsnG8MyKmXNeYuhQ=",
        "owner": "nix-community",
        "repo": "nixpkgs.lib",
        "rev": "f5901329dade4a6ea039af1433fb087bd9c1fe14",
        "type": "github"
      },
      "original": {
        "owner": "nix-community",
        "repo": "nixpkgs.lib",
        "type": "github"
      }
    },
    "nixpkgs_2": {
      "locked": {
        "lastModified": 1781577229,
        "narHash": "sha256-lrp67w8AulE9Ks53n27I45ADSzbOCn4H+CNW1Ck8B+8=",
        "owner": "NixOS",
        "repo": "nixpkgs",
        "rev": "567a49d1913ce81ac6e9582e3553dd90a955875f",
        "type": "github"
      },
      "original": {
        "owner": "NixOS",
        "ref": "nixos-unstable",
        "repo": "nixpkgs",
        "type": "github"
      }
    },
    "root": {
      "inputs": {
        "colmena": "colmena",
        "flake-parts": "flake-parts",
        "import-tree": "import-tree",
        "nixpkgs": "nixpkgs_2"
      }
    },
    "stable": {
      "locked": {
        "lastModified": 1750133334,
        "narHash": "sha256-urV51uWH7fVnhIvsZIELIYalMYsyr2FCalvlRTzqWRw=",
        "owner": "NixOS",
        "repo": "nixpkgs",
        "rev": "36ab78dab7da2e4e27911007033713bab534187b",
        "type": "github"
      },
      "original": {
        "owner": "NixOS",
        "ref": "nixos-25.05",
        "repo": "nixpkgs",
        "type": "github"
      }
    }
  },
  "root": "root",
  "version": 7
}
